
Microsoft Visual Studio Solution File, Format Version 12.00
# Visual Studio Version 17
VisualStudioVersion = 17.0.31903.59
MinimumVisualStudioVersion = 10.0.40219.1
Project("{2150E333-8FDC-42A3-9474-1A3956D46DE8}") = "src", "src", "{827E0CD3-B72D-47B6-A68D-7590B98EB39B}"
EndProject
Project("{FAE04EC0-301F-11D3-BF4B-00C04F79EFBC}") = "AegiNext.Core", "src\AegiNext.Core\AegiNext.Core.csproj", "{F34CC160-FB9C-4915-809D-170DA108D4A8}"
EndProject
Project("{FAE04EC0-301F-11D3-BF4B-00C04F79EFBC}") = "AegiNext.Desktop", "src\AegiNext.Desktop\AegiNext.Desktop.csproj", "{8F15B7A1-4263-4236-AABE-A29D25BEE333}"
EndProject
Project("{2150E333-8FDC-42A3-9474-1A3956D46DE8}") = "Tests", "Tests", "{0AB3BF05-4346-4AA6-1389-037BE0695223}"
EndProject
Project("{FAE04EC0-301F-11D3-BF4B-00C04F79EFBC}") = "AegiNext.Core.Tests", "Tests\AegiNext.Core.Tests\AegiNext.Core.Tests.csproj", "{8FA0787D-23DE-413A-A77A-C06D4AF6E798}"
EndProject
Project("{FAE04EC0-301F-11D3-BF4B-00C04F79EFBC}") = "AegiNext.Rendering", "src\AegiNext.Rendering\AegiNext.Rendering.csproj", "{C54AA841-537C-4628-87E2-DF55186D5C17}"
EndProject
Project("{FAE04EC0-301F-11D3-BF4B-00C04F79EFBC}") = "AegiNext.Rendering.Tests", "Tests\AegiNext.Rendering.Tests\AegiNext.Rendering.Tests.csproj", "{339EF569-F33D-4465-A0D8-BBF4B2930382}"
EndProject
Project("{FAE04EC0-301F-11D3-BF4B-00C04F79EFBC}") = "AegiNext.Media", "src\AegiNext.Media\AegiNext.Media.csproj", "{0D082F4C-65F4-45A8-92FF-EC67AF7BDDE1}"
EndProject
Project("{FAE04EC0-301F-11D3-BF4B-00C04F79EFBC}") = "AegiNext.Media.Tests", "Tests\AegiNext.Media.Tests\AegiNext.Media.Tests.csproj", "{3680EC1E-E9C4-4E94-B833-6D035ACA17D7}"
EndProject
Project("{FAE04EC0-301F-11D3-BF4B-00C04F79EFBC}") = "AegiNext.Media.TestHost", "Tests\AegiNext.Media.TestHost\AegiNext.Media.TestHost.csproj", "{C4E180E2-E23B-4D20-9276-B563DBE23C09}"
EndProject
Project("{FAE04EC0-301F-11D3-BF4B-00C04F79EFBC}") = "AegiNext.Desktop.Tests", "Tests\AegiNext.Desktop.Tests\AegiNext.Desktop.Tests.csproj", "{28BE4CB4-7967-4BE3-92FF-E8DBCC571BC7}"
EndProject
Project("{FAE04EC0-301F-11D3-BF4B-00C04F79EFBC}") = "AegiNext.Application", "src\AegiNext.Application\AegiNext.Application.csproj", "{8BC8D79A-C035-497C-B99F-67728233F18B}"
EndProject
Project("{FAE04EC0-301F-11D3-BF4B-00C04F79EFBC}") = "AegiNext.Application.Tests", "Tests\AegiNext.Application.Tests\AegiNext.Application.Tests.csproj", "{0BBE3F39-370F-4FD6-8234-8A6488E315B1}"
EndProject
Project("{FAE04EC0-301F-11D3-BF4B-00C04F79EFBC}") = "AegiNext.ExportWorker", "src\AegiNext.ExportWorker\AegiNext.ExportWorker.csproj", "{D73CF2E3-AD7E-487D-B4D3-6BF7D20DEA5A}"
EndProject
Project("{FAE04EC0-301F-11D3-BF4B-00C04F79EFBC}") = "AegiNext.Desktop.Ui.Tests", "Tests\AegiNext.Desktop.Ui.Tests\AegiNext.Desktop.Ui.Tests.csproj", "{8EC13140-E123-4DFB-90BA-00EDC4A68DB9}"
EndProject
Global
	GlobalSection(SolutionConfigurationPlatforms) = preSolution
		Debug|Any CPU = Debug|Any CPU
		Debug|x64 = Debug|x64
		Debug|x86 = Debug|x86
		Release|Any CPU = Release|Any CPU
		Release|x64 = Release|x64
		Release|x86 = Release|x86
	EndGlobalSection
	GlobalSection(ProjectConfigurationPlatforms) = postSolution
		{D73CF2E3-AD7E-487D-B4D3-6BF7D20DEA5A}.Debug|Any CPU.ActiveCfg = Debug|Any CPU
		{D73CF2E3-AD7E-487D-B4D3-6BF7D20DEA5A}.Debug|Any CPU.Build.0 = Debug|Any CPU
		{D73CF2E3-AD7E-487D-B4D3-6BF7D20DEA5A}.Debug|x64.ActiveCfg = Debug|Any CPU
		{D73CF2E3-AD7E-487D-B4D3-6BF7D20DEA5A}.Debug|x64.Build.0 = Debug|Any CPU
		{D73CF2E3-AD7E-487D-B4D3-6BF7D20DEA5A}.Debug|x86.ActiveCfg = Debug|Any CPU
		{D73CF2E3-AD7E-487D-B4D3-6BF7D20DEA5A}.Debug|x86.Build.0 = Debug|Any CPU
		{D73CF2E3-AD7E-487D-B4D3-6BF7D20DEA5A}.Release|Any CPU.ActiveCfg = Release|Any CPU
		{D73CF2E3-AD7E-487D-B4D3-6BF7D20DEA5A}.Release|Any CPU.Build.0 = Release|Any CPU
		{D73CF2E3-AD7E-487D-B4D3-6BF7D20DEA5A}.Release|x64.ActiveCfg = Release|Any CPU
		{D73CF2E3-AD7E-487D-B4D3-6BF7D20DEA5A}.Release|x64.Build.0 = Release|Any CPU
		{D73CF2E3-AD7E-487D-B4D3-6BF7D20DEA5A}.Release|x86.ActiveCfg = Release|Any CPU
		{D73CF2E3-AD7E-487D-B4D3-6BF7D20DEA5A}.Release|x86.Build.0 = Release|Any CPU
		{0BBE3F39-370F-4FD6-8234-8A6488E315B1}.Debug|Any CPU.ActiveCfg = Debug|Any CPU
		{0BBE3F39-370F-4FD6-8234-8A6488E315B1}.Debug|Any CPU.Build.0 = Debug|Any CPU
		{0BBE3F39-370F-4FD6-8234-8A6488E315B1}.Debug|x64.ActiveCfg = Debug|Any CPU
		{0BBE3F39-370F-4FD6-8234-8A6488E315B1}.Debug|x64.Build.0 = Debug|Any CPU
		{0BBE3F39-370F-4FD6-8234-8A6488E315B1}.Debug|x86.ActiveCfg = Debug|Any CPU
		{0BBE3F39-370F-4FD6-8234-8A6488E315B1}.Debug|x86.Build.0 = Debug|Any CPU
		{0BBE3F39-370F-4FD6-8234-8A6488E315B1}.Release|Any CPU.ActiveCfg = Release|Any CPU
		{0BBE3F39-370F-4FD6-8234-8A6488E315B1}.Release|x64.ActiveCfg = Release|Any CPU
		{0BBE3F39-370F-4FD6-8234-8A6488E315B1}.Release|x64.Build.0 = Release|Any CPU
		{0BBE3F39-370F-4FD6-8234-8A6488E315B1}.Release|x86.ActiveCfg = Release|Any CPU
		{0BBE3F39-370F-4FD6-8234-8A6488E315B1}.Release|x86.Build.0 = Release|Any CPU
		{8BC8D79A-C035-497C-B99F-67728233F18B}.Debug|Any CPU.ActiveCfg = Debug|Any CPU
		{8BC8D79A-C035-497C-B99F-67728233F18B}.Debug|Any CPU.Build.0 = Debug|Any CPU
		{8BC8D79A-C035-497C-B99F-67728233F18B}.Debug|x64.ActiveCfg = Debug|Any CPU
		{8BC8D79A-C035-497C-B99F-67728233F18B}.Debug|x64.Build.0 = Debug|Any CPU
		{8BC8D79A-C035-497C-B99F-67728233F18B}.Debug|x86.ActiveCfg = Debug|Any CPU
		{8BC8D79A-C035-497C-B99F-67728233F18B}.Debug|x86.Build.0 = Debug|Any CPU
		{8BC8D79A-C035-497C-B99F-67728233F18B}.Release|Any CPU.ActiveCfg = Release|Any CPU
		{8BC8D79A-C035-497C-B99F-67728233F18B}.Release|Any CPU.Build.0 = Release|Any CPU
		{8BC8D79A-C035-497C-B99F-67728233F18B}.Release|x64.ActiveCfg = Release|Any CPU
		{8BC8D79A-C035-497C-B99F-67728233F18B}.Release|x64.Build.0 = Release|Any CPU
		{8BC8D79A-C035-497C-B99F-67728233F18B}.Release|x86.ActiveCfg = Release|Any CPU
		{8BC8D79A-C035-497C-B99F-67728233F18B}.Release|x86.Build.0 = Release|Any CPU
		{F34CC160-FB9C-4915-809D-170DA108D4A8}.Debug|Any CPU.ActiveCfg = Debug|Any CPU
		{F34CC160-FB9C-4915-809D-170DA108D4A8}.Debug|Any CPU.Build.0 = Debug|Any CPU
		{F34CC160-FB9C-4915-809D-170DA108D4A8}.Debug|x64.ActiveCfg = Debug|Any CPU
		{F34CC160-FB9C-4915-809D-170DA108D4A8}.Debug|x64.Build.0 = Debug|Any CPU
		{F34CC160-FB9C-4915-809D-170DA108D4A8}.Debug|x86.ActiveCfg = Debug|Any CPU
		{F34CC160-FB9C-4915-809D-170DA108D4A8}.Debug|x86.Build.0 = Debug|Any CPU
		{F34CC160-FB9C-4915-809D-170DA108D4A8}.Release|Any CPU.ActiveCfg = Release|Any CPU
		{F34CC160-FB9C-4915-809D-170DA108D4A8}.Release|Any CPU.Build.0 = Release|Any CPU
		{F34CC160-FB9C-4915-809D-170DA108D4A8}.Release|x64.ActiveCfg = Release|Any CPU
		{F34CC160-FB9C-4915-809D-170DA108D4A8}.Release|x64.Build.0 = Release|Any CPU
		{F34CC160-FB9C-4915-809D-170DA108D4A8}.Release|x86.ActiveCfg = Release|Any CPU
		{F34CC160-FB9C-4915-809D-170DA108D4A8}.Release|x86.Build.0 = Release|Any CPU
		{8F15B7A1-4263-4236-AABE-A29D25BEE333}.Debug|Any CPU.ActiveCfg = Debug|Any CPU
		{8F15B7A1-4263-4236-AABE-A29D25BEE333}.Debug|Any CPU.Build.0 = Debug|Any CPU
		{8F15B7A1-4263-4236-AABE-A29D25BEE333}.Debug|x64.ActiveCfg = Debug|Any CPU
		{8F15B7A1-4263-4236-AABE-A29D25BEE333}.Debug|x64.Build.0 = Debug|Any CPU
		{8F15B7A1-4263-4236-AABE-A29D25BEE333}.Debug|x86.ActiveCfg = Debug|Any CPU
		{8F15B7A1-4263-4236-AABE-A29D25BEE333}.Debug|x86.Build.0 = Debug|Any CPU
		{8F15B7A1-4263-4236-AABE-A29D25BEE333}.Release|Any CPU.ActiveCfg = Release|Any CPU
		{8F15B7A1-4263-4236-AABE-A29D25BEE333}.Release|Any CPU.Build.0 = Release|Any CPU
		{8F15B7A1-4263-4236-AABE-A29D25BEE333}.Release|x64.ActiveCfg = Release|Any CPU
		{8F15B7A1-4263-4236-AABE-A29D25BEE333}.Release|x64.Build.0 = Release|Any CPU
		{8F15B7A1-4263-4236-AABE-A29D25BEE333}.Release|x86.ActiveCfg = Release|Any CPU
		{8F15B7A1-4263-4236-AABE-A29D25BEE333}.Release|x86.Build.0 = Release|Any CPU
		{8FA0787D-23DE-413A-A77A-C06D4AF6E798}.Debug|Any CPU.ActiveCfg = Debug|Any CPU
		{8FA0787D-23DE-413A-A77A-C06D4AF6E798}.Debug|Any CPU.Build.0 = Debug|Any CPU
		{8FA0787D-23DE-413A-A77A-C06D4AF6E798}.Debug|x64.ActiveCfg = Debug|Any CPU
		{8FA0787D-23DE-413A-A77A-C06D4AF6E798}.Debug|x64.Build.0 = Debug|Any CPU
		{8FA0787D-23DE-413A-A77A-C06D4AF6E798}.Debug|x86.ActiveCfg = Debug|Any CPU
		{8FA0787D-23DE-413A-A77A-C06D4AF6E798}.Debug|x86.Build.0 = Debug|Any CPU
		{8FA0787D-23DE-413A-A77A-C06D4AF6E798}.Release|Any CPU.ActiveCfg = Release|Any CPU
		{8FA0787D-23DE-413A-A77A-C06D4AF6E798}.Release|Any CPU.Build.0 = Release|Any CPU
		{8FA0787D-23DE-413A-A77A-C06D4AF6E798}.Release|x64.ActiveCfg = Release|Any CPU
		{8FA0787D-23DE-413A-A77A-C06D4AF6E798}.Release|x64.Build.0 = Release|Any CPU
		{8FA0787D-23DE-413A-A77A-C06D4AF6E798}.Release|x86.ActiveCfg = Release|Any CPU
		{8FA0787D-23DE-413A-A77A-C06D4AF6E798}.Release|x86.Build.0 = Release|Any CPU
		{C54AA841-537C-4628-87E2-DF55186D5C17}.Debug|Any CPU.ActiveCfg = Debug|Any CPU
		{C54AA841-537C-4628-87E2-DF55186D5C17}.Debug|Any CPU.Build.0 = Debug|Any CPU
		{C54AA841-537C-4628-87E2-DF55186D5C17}.Debug|x64.ActiveCfg = Debug|Any CPU
		{C54AA841-537C-4628-87E2-DF55186D5C17}.Debug|x64.Build.0 = Debug|Any CPU
		{C54AA841-537C-4628-87E2-DF55186D5C17}.Debug|x86.ActiveCfg = Debug|Any CPU
		{C54AA841-537C-4628-87E2-DF55186D5C17}.Debug|x86.Build.0 = Debug|Any CPU
		{C54AA841-537C-4628-87E2-DF55186D5C17}.Release|Any CPU.ActiveCfg = Release|Any CPU
		{C54AA841-537C-4628-87E2-DF55186D5C17}.Release|Any CPU.Build.0 = Release|Any CPU
		{C54AA841-537C-4628-87E2-DF55186D5C17}.Release|x64.ActiveCfg = Release|Any CPU
		{C54AA841-537C-4628-87E2-DF55186D5C17}.Release|x64.Build.0 = Release|Any CPU
		{C54AA841-537C-4628-87E2-DF55186D5C17}.Release|x86.ActiveCfg = Release|Any CPU
		{C54AA841-537C-4628-87E2-DF55186D5C17}.Release|x86.Build.0 = Release|Any CPU
		{339EF569-F33D-4465-A0D8-BBF4B2930382}.Debug|Any CPU.ActiveCfg = Debug|Any CPU
		{339EF569-F33D-4465-A0D8-BBF4B2930382}.Debug|Any CPU.Build.0 = Debug|Any CPU
		{339EF569-F33D-4465-A0D8-BBF4B2930382}.Debug|x64.ActiveCfg = Debug|Any CPU
		{339EF569-F33D-4465-A0D8-BBF4B2930382}.Debug|x64.Build.0 = Debug|Any CPU
		{339EF569-F33D-4465-A0D8-BBF4B2930382}.Debug|x86.ActiveCfg = Debug|Any CPU
		{339EF569-F33D-4465-A0D8-BBF4B2930382}.Debug|x86.Build.0 = Debug|Any CPU
		{339EF569-F33D-4465-A0D8-BBF4B2930382}.Release|Any CPU.ActiveCfg = Release|Any CPU
		{339EF569-F33D-4465-A0D8-BBF4B2930382}.Release|x64.ActiveCfg = Release|Any CPU
		{339EF569-F33D-4465-A0D8-BBF4B2930382}.Release|x64.Build.0 = Release|Any CPU
		{339EF569-F33D-4465-A0D8-BBF4B2930382}.Release|x86.ActiveCfg = Release|Any CPU
		{339EF569-F33D-4465-A0D8-BBF4B2930382}.Release|x86.Build.0 = Release|Any CPU
		{0D082F4C-65F4-45A8-92FF-EC67AF7BDDE1}.Debug|Any CPU.ActiveCfg = Debug|Any CPU
		{0D082F4C-65F4-45A8-92FF-EC67AF7BDDE1}.Debug|Any CPU.Build.0 = Debug|Any CPU
		{0D082F4C-65F4-45A8-92FF-EC67AF7BDDE1}.Debug|x64.ActiveCfg = Debug|Any CPU
		{0D082F4C-65F4-45A8-92FF-EC67AF7BDDE1}.Debug|x64.Build.0 = Debug|Any CPU
		{0D082F4C-65F4-45A8-92FF-EC67AF7BDDE1}.Debug|x86.ActiveCfg = Debug|Any CPU
		{0D082F4C-65F4-45A8-92FF-EC67AF7BDDE1}.Debug|x86.Build.0 = Debug|Any CPU
		{0D082F4C-65F4-45A8-92FF-EC67AF7BDDE1}.Release|Any CPU.ActiveCfg = Release|Any CPU
		{0D082F4C-65F4-45A8-92FF-EC67AF7BDDE1}.Release|Any CPU.Build.0 = Release|Any CPU
		{0D082F4C-65F4-45A8-92FF-EC67AF7BDDE1}.Release|x64.ActiveCfg = Release|Any CPU
		{0D082F4C-65F4-45A8-92FF-EC67AF7BDDE1}.Release|x64.Build.0 = Release|Any CPU
		{0D082F4C-65F4-45A8-92FF-EC67AF7BDDE1}.Release|x86.ActiveCfg = Release|Any CPU
		{0D082F4C-65F4-45A8-92FF-EC67AF7BDDE1}.Release|x86.Build.0 = Release|Any CPU
		{3680EC1E-E9C4-4E94-B833-6D035ACA17D7}.Debug|Any CPU.ActiveCfg = Debug|Any CPU
		{3680EC1E-E9C4-4E94-B833-6D035ACA17D7}.Debug|Any CPU.Build.0 = Debug|Any CPU
		{3680EC1E-E9C4-4E94-B833-6D035ACA17D7}.Debug|x64.ActiveCfg = Debug|Any CPU
		{3680EC1E-E9C4-4E94-B833-6D035ACA17D7}.Debug|x64.Build.0 = Debug|Any CPU
		{3680EC1E-E9C4-4E94-B833-6D035ACA17D7}.Debug|x86.ActiveCfg = Debug|Any CPU
		{3680EC1E-E9C4-4E94-B833-6D035ACA17D7}.Debug|x86.Build.0 = Debug|Any CPU
		{3680EC1E-E9C4-4E94-B833-6D035ACA17D7}.Release|Any CPU.ActiveCfg = Release|Any CPU
		{3680EC1E-E9C4-4E94-B833-6D035ACA17D7}.Release|x64.ActiveCfg = Release|Any CPU
		{3680EC1E-E9C4-4E94-B833-6D035ACA17D7}.Release|x64.Build.0 = Release|Any CPU
		{3680EC1E-E9C4-4E94-B833-6D035ACA17D7}.Release|x86.ActiveCfg = Release|Any CPU
		{3680EC1E-E9C4-4E94-B833-6D035ACA17D7}.Release|x86.Build.0 = Release|Any CPU
		{C4E180E2-E23B-4D20-9276-B563DBE23C09}.Debug|Any CPU.ActiveCfg = Debug|Any CPU
		{C4E180E2-E23B-4D20-9276-B563DBE23C09}.Debug|Any CPU.Build.0 = Debug|Any CPU
		{C4E180E2-E23B-4D20-9276-B563DBE23C09}.Debug|x64.ActiveCfg = Debug|Any CPU
		{C4E180E2-E23B-4D20-9276-B563DBE23C09}.Debug|x64.Build.0 = Debug|Any CPU
		{C4E180E2-E23B-4D20-9276-B563DBE23C09}.Debug|x86.ActiveCfg = Debug|Any CPU
		{C4E180E2-E23B-4D20-9276-B563DBE23C09}.Debug|x86.Build.0 = Debug|Any CPU
		{C4E180E2-E23B-4D20-9276-B563DBE23C09}.Release|Any CPU.ActiveCfg = Release|Any CPU
		{C4E180E2-E23B-4D20-9276-B563DBE23C09}.Release|x64.ActiveCfg = Release|Any CPU
		{C4E180E2-E23B-4D20-9276-B563DBE23C09}.Release|x64.Build.0 = Release|Any CPU
		{C4E180E2-E23B-4D20-9276-B563DBE23C09}.Release|x86.ActiveCfg = Release|Any CPU
		{C4E180E2-E23B-4D20-9276-B563DBE23C09}.Release|x86.Build.0 = Release|Any CPU
		{28BE4CB4-7967-4BE3-92FF-E8DBCC571BC7}.Debug|Any CPU.ActiveCfg = Debug|Any CPU
		{28BE4CB4-7967-4BE3-92FF-E8DBCC571BC7}.Debug|Any CPU.Build.0 = Debug|Any CPU
		{28BE4CB4-7967-4BE3-92FF-E8DBCC571BC7}.Debug|x64.ActiveCfg = Debug|Any CPU
		{28BE4CB4-7967-4BE3-92FF-E8DBCC571BC7}.Debug|x64.Build.0 = Debug|Any CPU
		{28BE4CB4-7967-4BE3-92FF-E8DBCC571BC7}.Debug|x86.ActiveCfg = Debug|Any CPU
		{28BE4CB4-7967-4BE3-92FF-E8DBCC571BC7}.Debug|x86.Build.0 = Debug|Any CPU
		{28BE4CB4-7967-4BE3-92FF-E8DBCC571BC7}.Release|Any CPU.ActiveCfg = Release|Any CPU
		{28BE4CB4-7967-4BE3-92FF-E8DBCC571BC7}.Release|x64.ActiveCfg = Release|Any CPU
		{28BE4CB4-7967-4BE3-92FF-E8DBCC571BC7}.Release|x64.Build.0 = Release|Any CPU
		{28BE4CB4-7967-4BE3-92FF-E8DBCC571BC7}.Release|x86.ActiveCfg = Release|Any CPU
		{28BE4CB4-7967-4BE3-92FF-E8DBCC571BC7}.Release|x86.Build.0 = Release|Any CPU
		{8EC13140-E123-4DFB-90BA-00EDC4A68DB9}.Debug|Any CPU.ActiveCfg = Debug|Any CPU
		{8EC13140-E123-4DFB-90BA-00EDC4A68DB9}.Debug|Any CPU.Build.0 = Debug|Any CPU
		{8EC13140-E123-4DFB-90BA-00EDC4A68DB9}.Debug|x64.ActiveCfg = Debug|Any CPU
		{8EC13140-E123-4DFB-90BA-00EDC4A68DB9}.Debug|x64.Build.0 = Debug|Any CPU
		{8EC13140-E123-4DFB-90BA-00EDC4A68DB9}.Debug|x86.ActiveCfg = Debug|Any CPU
		{8EC13140-E123-4DFB-90BA-00EDC4A68DB9}.Debug|x86.Build.0 = Debug|Any CPU
		{8EC13140-E123-4DFB-90BA-00EDC4A68DB9}.Release|Any CPU.ActiveCfg = Release|Any CPU
		{8EC13140-E123-4DFB-90BA-00EDC4A68DB9}.Release|x64.ActiveCfg = Release|Any CPU
		{8EC13140-E123-4DFB-90BA-00EDC4A68DB9}.Release|x64.Build.0 = Release|Any CPU
		{8EC13140-E123-4DFB-90BA-00EDC4A68DB9}.Release|x86.ActiveCfg = Release|Any CPU
		{8EC13140-E123-4DFB-90BA-00EDC4A68DB9}.Release|x86.Build.0 = Release|Any CPU
	EndGlobalSection
	GlobalSection(SolutionProperties) = preSolution
		HideSolutionNode = FALSE
	EndGlobalSection
	GlobalSection(NestedProjects) = preSolution
		{D73CF2E3-AD7E-487D-B4D3-6BF7D20DEA5A} = {827E0CD3-B72D-47B6-A68D-7590B98EB39B}
		{0BBE3F39-370F-4FD6-8234-8A6488E315B1} = {0AB3BF05-4346-4AA6-1389-037BE0695223}
		{8BC8D79A-C035-497C-B99F-67728233F18B} = {827E0CD3-B72D-47B6-A68D-7590B98EB39B}
		{F34CC160-FB9C-4915-809D-170DA108D4A8} = {827E0CD3-B72D-47B6-A68D-7590B98EB39B}
		{8F15B7A1-4263-4236-AABE-A29D25BEE333} = {827E0CD3-B72D-47B6-A68D-7590B98EB39B}
		{8FA0787D-23DE-413A-A77A-C06D4AF6E798} = {0AB3BF05-4346-4AA6-1389-037BE0695223}
		{C54AA841-537C-4628-87E2-DF55186D5C17} = {827E0CD3-B72D-47B6-A68D-7590B98EB39B}
		{339EF569-F33D-4465-A0D8-BBF4B2930382} = {0AB3BF05-4346-4AA6-1389-037BE0695223}
		{0D082F4C-65F4-45A8-92FF-EC67AF7BDDE1} = {827E0CD3-B72D-47B6-A68D-7590B98EB39B}
		{3680EC1E-E9C4-4E94-B833-6D035ACA17D7} = {0AB3BF05-4346-4AA6-1389-037BE0695223}
		{C4E180E2-E23B-4D20-9276-B563DBE23C09} = {0AB3BF05-4346-4AA6-1389-037BE0695223}
		{28BE4CB4-7967-4BE3-92FF-E8DBCC571BC7} = {0AB3BF05-4346-4AA6-1389-037BE0695223}
		{8EC13140-E123-4DFB-90BA-00EDC4A68DB9} = {0AB3BF05-4346-4AA6-1389-037BE0695223}
	EndGlobalSection
EndGlobal
